
Microsoft Visual Studio Solution File, Format Version 12.00
# Visual Studio Version 17
VisualStudioVersion = 17.6.33723.286
MinimumVisualStudioVersion = 10.0.40219.1
Project("{FAE04EC0-301F-11D3-BF4B-00C04F79EFBC}") = "EFCoreTutorial", "EFCoreTutorial\EFCoreTutorial.csproj", "{E4F9C293-1C34-4EC5-90CB-8DCF792FA300}"
EndProject
Global
	GlobalSection(SolutionConfigurationPlatforms) = preSolution
		Debug|Any CPU = Debug|Any CPU
		Release|Any CPU = Release|Any CPU
	EndGlobalSection
	GlobalSection(ProjectConfigurationPlatforms) = postSolution
		{E4F9C293-1C34-4EC5-90CB-8DCF792FA300}.Debug|Any CPU.ActiveCfg = Debug|Any CPU
		{E4F9C293-1C34-4EC5-90CB-8DCF792FA300}.Debug|Any CPU.Build.0 = Debug|Any CPU
		{E4F9C293-1C34-4EC5-90CB-8DCF792FA300}.Release|Any CPU.ActiveCfg = Release|Any CPU
		{E4F9C293-1C34-4EC5-90CB-8DCF792FA300}.Release|Any CPU.Build.0 = Release|Any CPU
	EndGlobalSection
	GlobalSection(SolutionProperties) = preSolution
		HideSolutionNode = FALSE
	EndGlobalSection
	GlobalSection(ExtensibilityGlobals) = postSolution
		SolutionGuid = {5545679A-BCCA-475A-89F8-DC0D9C52C83C}
	EndGlobalSection
EndGlobal
